<?xml version="1.0" encoding="utf-8"?>
<Project ToolsVersion="4.0" xmlns="http://schemas.microsoft.com/developer/msbuild/2003">
  <ItemGroup>
    <Filter Include="Source files">
      <UniqueIdentifier>{4ae41def-304a-4f8c-9671-39b085e1c57e}</UniqueIdentifier>
      <Extensions>cpp;c;cc;cxx;def;odl;idl;hpj;bat;asm;asmx</Extensions>
    </Filter>
    <Filter Include="Header files">
      <UniqueIdentifier>{7bdbf09d-faea-4e51-a243-4c41196c4a87}</UniqueIdentifier>
      <Extensions>h;hpp;hxx;hm;inl;inc;xsd</Extensions>
    </Filter>
    <Filter Include="Resource files">
      <UniqueIdentifier>{1be40932-9e6b-4cce-affa-7662b5cba23a}</UniqueIdentifier>
      <Extensions>rc;ico;cur;bmp;dlg;rc2;rct;bin;rgs;gif;jpg;jpeg;jpe;resx;tiff;tif;png;wav</Extensions>
    </Filter>
    <Filter Include="Source files\Device-specific files">
      <UniqueIdentifier>{5cb94c8d-4fed-4c21-ab08-acae51043037}</UniqueIdentifier>
    </Filter>
    <Filter Include="Source files\Device-specific files\AtmelStart">
      <UniqueIdentifier>{ea74c668-818a-4cde-883b-1bd42e2a7e37}</UniqueIdentifier>
    </Filter>
    <Filter Include="Header files\Device-specific files">
      <UniqueIdentifier>{96da1f8a-319a-43ec-b04f-59e710ca02e1}</UniqueIdentifier>
    </Filter>
    <Filter Include="Header files\Device-specific files\AtmelStart">
      <UniqueIdentifier>{6c01d0b9-946d-49dc-9e5f-cae3931a7138}</UniqueIdentifier>
    </Filter>
    <Filter Include="VisualGDB settings">
      <UniqueIdentifier>{564d72eb-2b93-4d69-a482-3cabc8a6e11f}</UniqueIdentifier>
    </Filter>
  </ItemGroup>
  <ItemGroup>
    <ClCompile Include="EmbeddedProject1.c">
      <Filter>Source files</Filter>
    </ClCompile>
    <None Include="mcu.props">
      <Filter>Source files\Device-specific files</Filter>
    </None>
    <ClCompile Include="$(BSP_ROOT)\samda1b\gcc\gcc\startup_samda1.c">
      <Filter>Source files\Device-specific files</Filter>
    </ClCompile>
    <ClCompile Include="$(BSP_ROOT)\hal\src\hal_atomic.c">
      <Filter>Source files\Device-specific files\AtmelStart</Filter>
    </ClCompile>
    <ClCompile Include="$(BSP_ROOT)\hal\src\hal_delay.c">
      <Filter>Source files\Device-specific files\AtmelStart</Filter>
    </ClCompile>
    <ClCompile Include="$(BSP_ROOT)\hal\src\hal_gpio.c">
      <Filter>Source files\Device-specific files\AtmelStart</Filter>
    </ClCompile>
    <ClCompile Include="$(BSP_ROOT)\hal\src\hal_init.c">
      <Filter>Source files\Device-specific files\AtmelStart</Filter>
    </ClCompile>
    <ClCompile Include="$(BSP_ROOT)\hal\src\hal_io.c">
      <Filter>Source files\Device-specific files\AtmelStart</Filter>
    </ClCompile>
    <ClCompile Include="$(BSP_ROOT)\hal\src\hal_sleep.c">
      <Filter>Source files\Device-specific files\AtmelStart</Filter>
    </ClCompile>
    <ClCompile Include="$(BSP_ROOT)\hal\utils\src\utils_assert.c">
      <Filter>Source files\Device-specific files\AtmelStart</Filter>
    </ClCompile>
    <ClCompile Include="$(BSP_ROOT)\hal\utils\src\utils_event.c">
      <Filter>Source files\Device-specific files\AtmelStart</Filter>
    </ClCompile>
    <ClCompile Include="$(BSP_ROOT)\hal\utils\src\utils_list.c">
      <Filter>Source files\Device-specific files\AtmelStart</Filter>
    </ClCompile>
    <ClCompile Include="$(BSP_ROOT)\hal\utils\src\utils_syscalls.c">
      <Filter>Source files\Device-specific files\AtmelStart</Filter>
    </ClCompile>
    <ClCompile Include="$(BSP_ROOT)\driver_init.c">
      <Filter>Source files\Device-specific files\AtmelStart</Filter>
    </ClCompile>
    <ClCompile Include="$(BSP_ROOT)\examples\driver_examples.c">
      <Filter>Source files\Device-specific files\AtmelStart</Filter>
    </ClCompile>
    <ClCompile Include="$(BSP_ROOT)\hpl\core\hpl_core_m0plus_base.c">
      <Filter>Source files\Device-specific files\AtmelStart</Filter>
    </ClCompile>
    <ClCompile Include="$(BSP_ROOT)\hpl\core\hpl_init.c">
      <Filter>Source files\Device-specific files\AtmelStart</Filter>
    </ClCompile>
    <ClCompile Include="$(BSP_ROOT)\hpl\dmac\hpl_dmac.c">
      <Filter>Source files\Device-specific files\AtmelStart</Filter>
    </ClCompile>
    <ClCompile Include="$(BSP_ROOT)\hpl\gclk\hpl_gclk.c">
      <Filter>Source files\Device-specific files\AtmelStart</Filter>
    </ClCompile>
    <ClCompile Include="$(BSP_ROOT)\hpl\pm\hpl_pm.c">
      <Filter>Source files\Device-specific files\AtmelStart</Filter>
    </ClCompile>
    <ClCompile Include="$(BSP_ROOT)\hpl\sysctrl\hpl_sysctrl.c">
      <Filter>Source files\Device-specific files\AtmelStart</Filter>
    </ClCompile>
    <ClCompile Include="$(BSP_ROOT)\atmel_start.c">
      <Filter>Source files\Device-specific files\AtmelStart</Filter>
    </ClCompile>
    <ClInclude Include="$(BSP_ROOT)\hal\include\hal_atomic.h">
      <Filter>Header files\Device-specific files\AtmelStart</Filter>
    </ClInclude>
    <ClInclude Include="$(BSP_ROOT)\hal\include\hal_delay.h">
      <Filter>Header files\Device-specific files\AtmelStart</Filter>
    </ClInclude>
    <ClInclude Include="$(BSP_ROOT)\hal\include\hal_gpio.h">
      <Filter>Header files\Device-specific files\AtmelStart</Filter>
    </ClInclude>
    <ClInclude Include="$(BSP_ROOT)\hal\include\hal_init.h">
      <Filter>Header files\Device-specific files\AtmelStart</Filter>
    </ClInclude>
    <ClInclude Include="$(BSP_ROOT)\hal\include\hal_io.h">
      <Filter>Header files\Device-specific files\AtmelStart</Filter>
    </ClInclude>
    <ClInclude Include="$(BSP_ROOT)\hal\include\hal_sleep.h">
      <Filter>Header files\Device-specific files\AtmelStart</Filter>
    </ClInclude>
    <ClInclude Include="$(BSP_ROOT)\hal\include\hpl_core.h">
      <Filter>Header files\Device-specific files\AtmelStart</Filter>
    </ClInclude>
    <ClInclude Include="$(BSP_ROOT)\hal\include\hpl_delay.h">
      <Filter>Header files\Device-specific files\AtmelStart</Filter>
    </ClInclude>
    <ClInclude Include="$(BSP_ROOT)\hal\include\hpl_dma.h">
      <Filter>Header files\Device-specific files\AtmelStart</Filter>
    </ClInclude>
    <ClInclude Include="$(BSP_ROOT)\hal\include\hpl_gpio.h">
      <Filter>Header files\Device-specific files\AtmelStart</Filter>
    </ClInclude>
    <ClInclude Include="$(BSP_ROOT)\hal\include\hpl_init.h">
      <Filter>Header files\Device-specific files\AtmelStart</Filter>
    </ClInclude>
    <ClInclude Include="$(BSP_ROOT)\hal\include\hpl_irq.h">
      <Filter>Header files\Device-specific files\AtmelStart</Filter>
    </ClInclude>
    <ClInclude Include="$(BSP_ROOT)\hal\include\hpl_sleep.h">
      <Filter>Header files\Device-specific files\AtmelStart</Filter>
    </ClInclude>
    <ClInclude Include="$(BSP_ROOT)\hal\utils\include\compiler.h">
      <Filter>Header files\Device-specific files\AtmelStart</Filter>
    </ClInclude>
    <ClInclude Include="$(BSP_ROOT)\hal\utils\include\err_codes.h">
      <Filter>Header files\Device-specific files\AtmelStart</Filter>
    </ClInclude>
    <ClInclude Include="$(BSP_ROOT)\hal\utils\include\events.h">
      <Filter>Header files\Device-specific files\AtmelStart</Filter>
    </ClInclude>
    <ClInclude Include="$(BSP_ROOT)\hal\utils\include\utils.h">
      <Filter>Header files\Device-specific files\AtmelStart</Filter>
    </ClInclude>
    <ClInclude Include="$(BSP_ROOT)\hal\utils\include\utils_assert.h">
      <Filter>Header files\Device-specific files\AtmelStart</Filter>
    </ClInclude>
    <ClInclude Include="$(BSP_ROOT)\hal\utils\include\utils_event.h">
      <Filter>Header files\Device-specific files\AtmelStart</Filter>
    </ClInclude>
    <ClInclude Include="$(BSP_ROOT)\hal\utils\include\utils_increment_macro.h">
      <Filter>Header files\Device-specific files\AtmelStart</Filter>
    </ClInclude>
    <ClInclude Include="$(BSP_ROOT)\hal\utils\include\utils_list.h">
      <Filter>Header files\Device-specific files\AtmelStart</Filter>
    </ClInclude>
    <ClInclude Include="$(BSP_ROOT)\hal\utils\include\utils_repeat_macro.h">
      <Filter>Header files\Device-specific files\AtmelStart</Filter>
    </ClInclude>
    <ClInclude Include="$(BSP_ROOT)\hri\hri_ac_da1.h">
      <Filter>Header files\Device-specific files\AtmelStart</Filter>
    </ClInclude>
    <ClInclude Include="$(BSP_ROOT)\hri\hri_adc_da1.h">
      <Filter>Header files\Device-specific files\AtmelStart</Filter>
    </ClInclude>
    <ClInclude Include="$(BSP_ROOT)\hri\hri_da1b.h">
      <Filter>Header files\Device-specific files\AtmelStart</Filter>
    </ClInclude>
    <ClInclude Include="$(BSP_ROOT)\hri\hri_dac_da1.h">
      <Filter>Header files\Device-specific files\AtmelStart</Filter>
    </ClInclude>
    <ClInclude Include="$(BSP_ROOT)\hri\hri_dmac_da1.h">
      <Filter>Header files\Device-specific files\AtmelStart</Filter>
    </ClInclude>
    <ClInclude Include="$(BSP_ROOT)\hri\hri_dsu_da1.h">
      <Filter>Header files\Device-specific files\AtmelStart</Filter>
    </ClInclude>
    <ClInclude Include="$(BSP_ROOT)\hri\hri_eic_da1.h">
      <Filter>Header files\Device-specific files\AtmelStart</Filter>
    </ClInclude>
    <ClInclude Include="$(BSP_ROOT)\hri\hri_evsys_da1.h">
      <Filter>Header files\Device-specific files\AtmelStart</Filter>
    </ClInclude>
    <ClInclude Include="$(BSP_ROOT)\hri\hri_gclk_da1.h">
      <Filter>Header files\Device-specific files\AtmelStart</Filter>
    </ClInclude>
    <ClInclude Include="$(BSP_ROOT)\hri\hri_hmatrixb_da1.h">
      <Filter>Header files\Device-specific files\AtmelStart</Filter>
    </ClInclude>
    <ClInclude Include="$(BSP_ROOT)\hri\hri_i2s_da1.h">
      <Filter>Header files\Device-specific files\AtmelStart</Filter>
    </ClInclude>
    <ClInclude Include="$(BSP_ROOT)\hri\hri_mtb_da1.h">
      <Filter>Header files\Device-specific files\AtmelStart</Filter>
    </ClInclude>
    <ClInclude Include="$(BSP_ROOT)\hri\hri_nvic_da1.h">
      <Filter>Header files\Device-specific files\AtmelStart</Filter>
    </ClInclude>
    <ClInclude Include="$(BSP_ROOT)\hri\hri_nvmctrl_da1.h">
      <Filter>Header files\Device-specific files\AtmelStart</Filter>
    </ClInclude>
    <ClInclude Include="$(BSP_ROOT)\hri\hri_pac_da1.h">
      <Filter>Header files\Device-specific files\AtmelStart</Filter>
    </ClInclude>
    <ClInclude Include="$(BSP_ROOT)\hri\hri_pm_da1.h">
      <Filter>Header files\Device-specific files\AtmelStart</Filter>
    </ClInclude>
    <ClInclude Include="$(BSP_ROOT)\hri\hri_port_da1.h">
      <Filter>Header files\Device-specific files\AtmelStart</Filter>
    </ClInclude>
    <ClInclude Include="$(BSP_ROOT)\hri\hri_rtc_da1.h">
      <Filter>Header files\Device-specific files\AtmelStart</Filter>
    </ClInclude>
    <ClInclude Include="$(BSP_ROOT)\hri\hri_sercom_da1.h">
      <Filter>Header files\Device-specific files\AtmelStart</Filter>
    </ClInclude>
    <ClInclude Include="$(BSP_ROOT)\hri\hri_sysctrl_da1.h">
      <Filter>Header files\Device-specific files\AtmelStart</Filter>
    </ClInclude>
    <ClInclude Include="$(BSP_ROOT)\hri\hri_systemcontrol_da1.h">
      <Filter>Header files\Device-specific files\AtmelStart</Filter>
    </ClInclude>
    <ClInclude Include="$(BSP_ROOT)\hri\hri_systick_da1.h">
      <Filter>Header files\Device-specific files\AtmelStart</Filter>
    </ClInclude>
    <ClInclude Include="$(BSP_ROOT)\hri\hri_tc_da1.h">
      <Filter>Header files\Device-specific files\AtmelStart</Filter>
    </ClInclude>
    <ClInclude Include="$(BSP_ROOT)\hri\hri_tcc_da1.h">
      <Filter>Header files\Device-specific files\AtmelStart</Filter>
    </ClInclude>
    <ClInclude Include="$(BSP_ROOT)\hri\hri_usb_da1.h">
      <Filter>Header files\Device-specific files\AtmelStart</Filter>
    </ClInclude>
    <ClInclude Include="$(BSP_ROOT)\hri\hri_wdt_da1.h">
      <Filter>Header files\Device-specific files\AtmelStart</Filter>
    </ClInclude>
    <ClInclude Include="$(BSP_ROOT)\driver_init.h">
      <Filter>Header files\Device-specific files\AtmelStart</Filter>
    </ClInclude>
    <ClInclude Include="$(BSP_ROOT)\atmel_start_pins.h">
      <Filter>Header files\Device-specific files\AtmelStart</Filter>
    </ClInclude>
    <ClInclude Include="$(BSP_ROOT)\examples\driver_examples.h">
      <Filter>Header files\Device-specific files\AtmelStart</Filter>
    </ClInclude>
    <ClInclude Include="$(BSP_ROOT)\hal\include\hpl_missing_features.h">
      <Filter>Header files\Device-specific files\AtmelStart</Filter>
    </ClInclude>
    <ClInclude Include="$(BSP_ROOT)\hal\include\hpl_reset.h">
      <Filter>Header files\Device-specific files\AtmelStart</Filter>
    </ClInclude>
    <ClInclude Include="$(BSP_ROOT)\hal\utils\include\parts.h">
      <Filter>Header files\Device-specific files\AtmelStart</Filter>
    </ClInclude>
    <ClInclude Include="$(BSP_ROOT)\hpl\core\hpl_core_port.h">
      <Filter>Header files\Device-specific files\AtmelStart</Filter>
    </ClInclude>
    <ClInclude Include="$(BSP_ROOT)\hpl\gclk\hpl_gclk_base.h">
      <Filter>Header files\Device-specific files\AtmelStart</Filter>
    </ClInclude>
    <ClInclude Include="$(BSP_ROOT)\hpl\pm\hpl_pm_base.h">
      <Filter>Header files\Device-specific files\AtmelStart</Filter>
    </ClInclude>
    <ClInclude Include="$(BSP_ROOT)\hpl\port\hpl_gpio_base.h">
      <Filter>Header files\Device-specific files\AtmelStart</Filter>
    </ClInclude>
    <ClInclude Include="$(BSP_ROOT)\atmel_start.h">
      <Filter>Header files\Device-specific files\AtmelStart</Filter>
    </ClInclude>
    <ClInclude Include="$(BSP_ROOT)\config\hpl_dmac_config.h">
      <Filter>Header files\Device-specific files\AtmelStart</Filter>
    </ClInclude>
    <ClInclude Include="$(BSP_ROOT)\config\hpl_gclk_config.h">
      <Filter>Header files\Device-specific files\AtmelStart</Filter>
    </ClInclude>
    <ClInclude Include="$(BSP_ROOT)\config\hpl_pm_config.h">
      <Filter>Header files\Device-specific files\AtmelStart</Filter>
    </ClInclude>
    <ClInclude Include="$(BSP_ROOT)\config\hpl_sysctrl_config.h">
      <Filter>Header files\Device-specific files\AtmelStart</Filter>
    </ClInclude>
    <ClInclude Include="$(BSP_ROOT)\config\peripheral_clk_config.h">
      <Filter>Header files\Device-specific files\AtmelStart</Filter>
    </ClInclude>
    <None Include="EmbeddedProject1-Debug.vgdbsettings">
      <Filter>VisualGDB settings</Filter>
    </None>
    <None Include="EmbeddedProject1-Release.vgdbsettings">
      <Filter>VisualGDB settings</Filter>
    </None>
    <None Include="MCU.xml">
      <Filter>VisualGDB settings</Filter>
    </None>
  </ItemGroup>
</Project>